
Microsoft Visual Studio Solution File, Format Version 12.00
# Visual Studio Version 16
VisualStudioVersion = 16.0.31729.503
MinimumVisualStudioVersion = 10.0.40219.1
Project("{FAE04EC0-301F-11D3-BF4B-00C04F79EFBC}") = "Test-Contacts.Data", "src\Test-Contacts.Data\Test-Contacts.Data.csproj", "{ECB54318-438D-4B9F-A9B0-6C792FF4D036}"
EndProject
Project("{FAE04EC0-301F-11D3-BF4B-00C04F79EFBC}") = "Test-Contacts.Logic", "src\Test-Contacts.Logic\Test-Contacts.Logic.csproj", "{CBE878D5-537D-4050-8BA9-109D9EB5AC95}"
EndProject
Global
	GlobalSection(SolutionConfigurationPlatforms) = preSolution
		Debug|Any CPU = Debug|Any CPU
		Release|Any CPU = Release|Any CPU
	EndGlobalSection
	GlobalSection(ProjectConfigurationPlatforms) = postSolution
		{ECB54318-438D-4B9F-A9B0-6C792FF4D036}.Debug|Any CPU.ActiveCfg = Debug|Any CPU
		{ECB54318-438D-4B9F-A9B0-6C792FF4D036}.Debug|Any CPU.Build.0 = Debug|Any CPU
		{ECB54318-438D-4B9F-A9B0-6C792FF4D036}.Release|Any CPU.ActiveCfg = Release|Any CPU
		{ECB54318-438D-4B9F-A9B0-6C792FF4D036}.Release|Any CPU.Build.0 = Release|Any CPU
		{CBE878D5-537D-4050-8BA9-109D9EB5AC95}.Debug|Any CPU.ActiveCfg = Debug|Any CPU
		{CBE878D5-537D-4050-8BA9-109D9EB5AC95}.Debug|Any CPU.Build.0 = Debug|Any CPU
		{CBE878D5-537D-4050-8BA9-109D9EB5AC95}.Release|Any CPU.ActiveCfg = Release|Any CPU
		{CBE878D5-537D-4050-8BA9-109D9EB5AC95}.Release|Any CPU.Build.0 = Release|Any CPU
	EndGlobalSection
	GlobalSection(SolutionProperties) = preSolution
		HideSolutionNode = FALSE
	EndGlobalSection
	GlobalSection(ExtensibilityGlobals) = postSolution
		SolutionGuid = {D4298B7D-BDA7-4589-B3AE-1CC6936837C8}
	EndGlobalSection
EndGlobal
